
Microsoft Visual Studio Solution File, Format Version 12.00
# Visual Studio Version 17
VisualStudioVersion = 17.13.35931.197 d17.13
MinimumVisualStudioVersion = 10.0.40219.1
Project("{FAE04EC0-301F-11D3-BF4B-00C04F79EFBC}") = "DpvLab.XunitMtpBadDisposables.SomeLibrary", "DpvLab.XunitMtpBadDisposables.SomeLibrary\DpvLab.XunitMtpBadDisposables.SomeLibrary.csproj", "{C0AD1910-D5A9-4EC6-B844-E539BB0D08C5}"
EndProject
Project("{FAE04EC0-301F-11D3-BF4B-00C04F79EFBC}") = "DpvLab.XunitMtpBadDisposables.UnitTests", "DpvLab.XunitMtpBadDisposables.UnitTests\DpvLab.XunitMtpBadDisposables.UnitTests.csproj", "{FA8CDD8E-97E0-4343-9E2E-BB1531467855}"
EndProject
Global
	GlobalSection(SolutionConfigurationPlatforms) = preSolution
		Debug|Any CPU = Debug|Any CPU
		Release|Any CPU = Release|Any CPU
	EndGlobalSection
	GlobalSection(ProjectConfigurationPlatforms) = postSolution
		{C0AD1910-D5A9-4EC6-B844-E539BB0D08C5}.Debug|Any CPU.ActiveCfg = Debug|Any CPU
		{C0AD1910-D5A9-4EC6-B844-E539BB0D08C5}.Debug|Any CPU.Build.0 = Debug|Any CPU
		{C0AD1910-D5A9-4EC6-B844-E539BB0D08C5}.Release|Any CPU.ActiveCfg = Release|Any CPU
		{C0AD1910-D5A9-4EC6-B844-E539BB0D08C5}.Release|Any CPU.Build.0 = Release|Any CPU
		{FA8CDD8E-97E0-4343-9E2E-BB1531467855}.Debug|Any CPU.ActiveCfg = Debug|Any CPU
		{FA8CDD8E-97E0-4343-9E2E-BB1531467855}.Debug|Any CPU.Build.0 = Debug|Any CPU
		{FA8CDD8E-97E0-4343-9E2E-BB1531467855}.Release|Any CPU.ActiveCfg = Release|Any CPU
		{FA8CDD8E-97E0-4343-9E2E-BB1531467855}.Release|Any CPU.Build.0 = Release|Any CPU
	EndGlobalSection
	GlobalSection(SolutionProperties) = preSolution
		HideSolutionNode = FALSE
	EndGlobalSection
	GlobalSection(ExtensibilityGlobals) = postSolution
		SolutionGuid = {817AA706-6C9F-49FF-8A10-1A5155ABF8D8}
	EndGlobalSection
EndGlobal
